{
    "_readme": [
        "This file locks the dependencies of your project to a known state",
        "Read more about it at http://getcomposer.org/doc/01-basic-usage.md#composer-lock-the-lock-file"
    ],
    "hash": "b4c11d87646fca40af8687f95e44be40",
    "packages": [

    ],
    "packages-dev": [
        {
            "name": "deskpro/api",
            "version": "dev-master",
            "source": {
                "type": "git",
                "url": "https://github.com/DeskPRO/API.git",
                "reference": "1d1a996512ec91bb4346a24fc1978f07d919889a"
            },
            "dist": {
                "type": "zip",
                "url": "https://api.github.com/repos/DeskPRO/API/zipball/1d1a996512ec91bb4346a24fc1978f07d919889a",
                "reference": "1d1a996512ec91bb4346a24fc1978f07d919889a",
                "shasum": ""
            },
            "type": "library",
            "autoload": {
                "classmap": [
                    ""
                ]
            },
            "notification-url": "https://packagist.org/downloads/",
            "license": [
                "Apache"
            ],
            "authors": [
                {
                    "name": "Christopher Nadeau",
                    "email": "chris.nadeau@deskpro.com"
                }
            ],
            "description": "A wrapper to quickly get started using DeskPro's REST API",
            "time": "2014-03-17 19:23:34"
        }
    ],
    "aliases": [

    ],
    "minimum-stability": "stable",
    "stability-flags": {
        "deskpro/api": 20
    },
    "platform": [

    ],
    "platform-dev": [

    ]
}
